<?xml version="1.0" encoding="utf-8"?>
<Project ToolsVersion="4.0" xmlns="http://schemas.microsoft.com/developer/msbuild/2003">
  <ItemGroup>
    <Filter Include="source">
      <UniqueIdentifier>{b090b285-a4c4-4c18-ae9a-ad3461f78bc2}</UniqueIdentifier>
      <Extensions>cpp;c;cxx;def;odl;idl;hpj;bat;asm</Extensions>
    </Filter>
    <Filter Include="include">
      <UniqueIdentifier>{818f0071-bf28-424c-805f-08c79991fe5b}</UniqueIdentifier>
      <Extensions>h;hpp;hxx;hm;inl;inc</Extensions>
    </Filter>
    <Filter Include="resource">
      <UniqueIdentifier>{fef9b581-df4a-4434-be8a-0d23b8c41894}</UniqueIdentifier>
      <Extensions>rc;ico;cur;bmp;dlg;rc2;rct;bin;rgs;jpg;jpeg;jpe;png;manifest</Extensions>
    </Filter>
    <Filter Include="include\Stage">
      <UniqueIdentifier>{b0768d5f-8f3c-47db-a20e-1cbdc3306453}</UniqueIdentifier>
    </Filter>
    <Filter Include="source\Stage">
      <UniqueIdentifier>{db707ff0-e992-409a-8011-81e1756e7804}</UniqueIdentifier>
    </Filter>
    <Filter Include="include\Misc">
      <UniqueIdentifier>{dac3364e-9016-481e-b683-84efc11e4c12}</UniqueIdentifier>
    </Filter>
    <Filter Include="source\Misc">
      <UniqueIdentifier>{67dac6de-3e38-492c-ac9f-696e639ddb98}</UniqueIdentifier>
    </Filter>
    <Filter Include="include\Stage\Base">
      <UniqueIdentifier>{f9d314af-84fe-4197-b77d-ffe92172a1aa}</UniqueIdentifier>
    </Filter>
    <Filter Include="source\Stage\Base">
      <UniqueIdentifier>{e8e613c9-9c95-4c08-9560-0bb9e6664930}</UniqueIdentifier>
    </Filter>
    <Filter Include="source\Stage\Others">
      <UniqueIdentifier>{82833b1f-2917-41ca-953d-34c52b7578a8}</UniqueIdentifier>
    </Filter>
    <Filter Include="include\Stage\Others">
      <UniqueIdentifier>{12026152-059e-49c7-b994-8ff6e9885e87}</UniqueIdentifier>
    </Filter>
    <Filter Include="source\Sprite">
      <UniqueIdentifier>{c72cc5ec-1805-4a54-8543-a99aaac72fd1}</UniqueIdentifier>
    </Filter>
    <Filter Include="include\Sprite">
      <UniqueIdentifier>{5b13def9-358e-468a-9493-c6b9bc8b87c6}</UniqueIdentifier>
    </Filter>
    <Filter Include="include\Sprite\Planet">
      <UniqueIdentifier>{30c07bea-d35d-46ab-973f-c58f8f10dd66}</UniqueIdentifier>
    </Filter>
    <Filter Include="source\Sprite\Planet">
      <UniqueIdentifier>{67a61d6b-64cd-449f-a923-37742f7f62dd}</UniqueIdentifier>
    </Filter>
    <Filter Include="include\Ad">
      <UniqueIdentifier>{4956c897-7bc1-44d4-9c26-15103913a7ac}</UniqueIdentifier>
    </Filter>
    <Filter Include="source\Ad">
      <UniqueIdentifier>{20ae7b0d-d5c7-4f87-9cbd-3237e941f0fd}</UniqueIdentifier>
    </Filter>
    <Filter Include="include\Sprite\Troops">
      <UniqueIdentifier>{d17833a0-4a1c-4fb5-aea1-bff7b0e6add9}</UniqueIdentifier>
    </Filter>
    <Filter Include="source\Sprite\Troops">
      <UniqueIdentifier>{a142886e-834d-409d-b268-b3db7afef322}</UniqueIdentifier>
    </Filter>
    <Filter Include="include\Sprite\Face">
      <UniqueIdentifier>{b4a87d16-22c9-434c-87c1-f0e8ae996e62}</UniqueIdentifier>
    </Filter>
    <Filter Include="source\Sprite\Face">
      <UniqueIdentifier>{715ed12a-fcee-45ec-a13a-afd863cef8c4}</UniqueIdentifier>
    </Filter>
    <Filter Include="include\Stage\Template">
      <UniqueIdentifier>{1008b4e1-3bd2-448a-afe3-75f5562b1dd0}</UniqueIdentifier>
    </Filter>
    <Filter Include="source\Stage\Template">
      <UniqueIdentifier>{0ac19296-7085-40d2-bbe7-1fbe2a50b822}</UniqueIdentifier>
    </Filter>
    <Filter Include="include\Stage\Stage3">
      <UniqueIdentifier>{8e64d85a-f789-477d-af8b-587cfc032541}</UniqueIdentifier>
    </Filter>
    <Filter Include="include\Stage\Stage2">
      <UniqueIdentifier>{f3f4f50b-98a2-4c2d-85a5-5b84e63159a0}</UniqueIdentifier>
    </Filter>
    <Filter Include="source\Stage\Stage3">
      <UniqueIdentifier>{a56cd370-e5c8-40d0-b5ff-62bada087166}</UniqueIdentifier>
    </Filter>
    <Filter Include="source\Stage\Stage2">
      <UniqueIdentifier>{52516a0c-211b-4641-9d31-628dccede1ce}</UniqueIdentifier>
    </Filter>
    <Filter Include="source\Stage\Stage1">
      <UniqueIdentifier>{62ff8f9d-32e4-4611-8022-9bbc8a3c4b53}</UniqueIdentifier>
    </Filter>
    <Filter Include="include\Stage\Stage1">
      <UniqueIdentifier>{0c2b560a-296c-4b38-8788-49092902f2e7}</UniqueIdentifier>
    </Filter>
    <Filter Include="source\Stage\Endless">
      <UniqueIdentifier>{a2f18c67-7d86-458d-a70e-a1d790cbaba8}</UniqueIdentifier>
    </Filter>
    <Filter Include="include\Stage\Endless">
      <UniqueIdentifier>{4cf4c825-87a0-45b6-92b2-fea956f5d540}</UniqueIdentifier>
    </Filter>
  </ItemGroup>
  <ItemGroup>
    <None Include="res\DogsMustDie.ico">
      <Filter>resource</Filter>
    </None>
    <None Include="..\Resources\CloseSelected.png">
      <Filter>resource</Filter>
    </None>
    <None Include="..\Resources\CloseNormal.png">
      <Filter>resource</Filter>
    </None>
    <None Include="..\Resources\HelloWorld.png">
      <Filter>resource</Filter>
    </None>
  </ItemGroup>
  <ItemGroup>
    <ResourceCompile Include="DogsMustDie.rc">
      <Filter>resource</Filter>
    </ResourceCompile>
  </ItemGroup>
  <ItemGroup>
    <ClInclude Include="resource.h">
      <Filter>include</Filter>
    </ClInclude>
    <ClInclude Include="main.h">
      <Filter>include</Filter>
    </ClInclude>
    <ClInclude Include="..\Classes\AppDelegate.h">
      <Filter>include</Filter>
    </ClInclude>
    <ClInclude Include="..\Classes\StartupLayer.h">
      <Filter>include\Stage\Others</Filter>
    </ClInclude>
    <ClInclude Include="..\Classes\StartupScene.h">
      <Filter>include\Stage\Others</Filter>
    </ClInclude>
    <ClInclude Include="..\Classes\StageSelectScene.h">
      <Filter>include\Stage\Others</Filter>
    </ClInclude>
    <ClInclude Include="..\Classes\StageSelectLayer.h">
      <Filter>include\Stage\Others</Filter>
    </ClInclude>
    <ClInclude Include="..\Classes\Defines.h">
      <Filter>include</Filter>
    </ClInclude>
    <ClInclude Include="..\Classes\AudioManager.h">
      <Filter>include\Misc</Filter>
    </ClInclude>
    <ClInclude Include="..\Classes\PermissionManager.h">
      <Filter>include\Misc</Filter>
    </ClInclude>
    <ClInclude Include="..\Classes\MyUseDefaultDef.h">
      <Filter>include</Filter>
    </ClInclude>
    <ClInclude Include="..\Classes\StageSelectFrameSprite.h">
      <Filter>include\Stage\Others</Filter>
    </ClInclude>
    <ClInclude Include="..\Classes\SubStageItem.h">
      <Filter>include\Stage\Others</Filter>
    </ClInclude>
    <ClInclude Include="..\Classes\SettingLayer.h">
      <Filter>include\Stage\Others</Filter>
    </ClInclude>
    <ClInclude Include="..\Classes\SettingScene.h">
      <Filter>include\Stage\Others</Filter>
    </ClInclude>
    <ClInclude Include="..\Classes\AboutLayer.h">
      <Filter>include\Stage\Others</Filter>
    </ClInclude>
    <ClInclude Include="..\Classes\AboutScene.h">
      <Filter>include\Stage\Others</Filter>
    </ClInclude>
    <ClInclude Include="..\Classes\StageBaseScene.h">
      <Filter>include\Stage\Base</Filter>
    </ClInclude>
    <ClInclude Include="..\Classes\StageBaseLayer.h">
      <Filter>include\Stage\Base</Filter>
    </ClInclude>
    <ClInclude Include="..\Classes\OptionDelegate.h">
      <Filter>include\Misc</Filter>
    </ClInclude>
    <ClInclude Include="..\Classes\StageMap.h">
      <Filter>include\Misc</Filter>
    </ClInclude>
    <ClInclude Include="..\Classes\HelpLayer.h">
      <Filter>include\Stage\Base</Filter>
    </ClInclude>
    <ClInclude Include="..\Classes\MyMenu.h">
      <Filter>include\Stage\Base</Filter>
    </ClInclude>
    <ClInclude Include="..\Classes\GameObject.h">
      <Filter>include\Sprite</Filter>
    </ClInclude>
    <ClInclude Include="..\Classes\FightObject.h">
      <Filter>include\Sprite</Filter>
    </ClInclude>
    <ClInclude Include="..\Classes\Planet.h">
      <Filter>include\Sprite\Planet</Filter>
    </ClInclude>
    <ClInclude Include="..\Classes\LineLayer.h">
      <Filter>include\Stage\Base</Filter>
    </ClInclude>
    <ClInclude Include="..\Classes\StarObject.h">
      <Filter>include\Sprite</Filter>
    </ClInclude>
    <ClInclude Include="..\Classes\AdViewManager.h">
      <Filter>include\Ad</Filter>
    </ClInclude>
    <ClInclude Include="..\Classes\Troops.h">
      <Filter>include\Sprite\Troops</Filter>
    </ClInclude>
    <ClInclude Include="..\Classes\CatTroops.h">
      <Filter>include\Sprite\Troops</Filter>
    </ClInclude>
    <ClInclude Include="..\Classes\HelpLayerDelegate.h">
      <Filter>include\Stage\Base</Filter>
    </ClInclude>
    <ClInclude Include="..\Classes\Face.h">
      <Filter>include\Sprite\Face</Filter>
    </ClInclude>
    <ClInclude Include="..\Classes\Rank.h">
      <Filter>include\Sprite</Filter>
    </ClInclude>
    <ClInclude Include="..\Classes\NavigatorLayer.h">
      <Filter>include\Stage\Base</Filter>
    </ClInclude>
    <ClInclude Include="..\Classes\RestartLayer.h">
      <Filter>include\Stage\Base</Filter>
    </ClInclude>
    <ClInclude Include="..\Classes\WinLayer.h">
      <Filter>include\Stage\Base</Filter>
    </ClInclude>
    <ClInclude Include="..\Classes\MiscTool.h">
      <Filter>include\Misc</Filter>
    </ClInclude>
    <ClInclude Include="..\Classes\ForceSideInfo.h">
      <Filter>include\Misc</Filter>
    </ClInclude>
    <ClInclude Include="..\Classes\StageTemplateLayer.h">
      <Filter>include\Stage\Template</Filter>
    </ClInclude>
    <ClInclude Include="..\Classes\StageTemplateScene.h">
      <Filter>include\Stage\Template</Filter>
    </ClInclude>
    <ClInclude Include="..\Classes\Stage1_01Layer.h">
      <Filter>include\Stage\Stage1</Filter>
    </ClInclude>
    <ClInclude Include="..\Classes\Stage1_01Scene.h">
      <Filter>include\Stage\Stage1</Filter>
    </ClInclude>
    <ClInclude Include="..\Classes\Stage1_02Layer.h">
      <Filter>include\Stage\Stage1</Filter>
    </ClInclude>
    <ClInclude Include="..\Classes\Stage1_02Scene.h">
      <Filter>include\Stage\Stage1</Filter>
    </ClInclude>
    <ClInclude Include="..\Classes\Stage1_03Layer.h">
      <Filter>include\Stage\Stage1</Filter>
    </ClInclude>
    <ClInclude Include="..\Classes\Stage1_03Scene.h">
      <Filter>include\Stage\Stage1</Filter>
    </ClInclude>
    <ClInclude Include="..\Classes\Stage1_04Layer.h">
      <Filter>include\Stage\Stage1</Filter>
    </ClInclude>
    <ClInclude Include="..\Classes\Stage1_04Scene.h">
      <Filter>include\Stage\Stage1</Filter>
    </ClInclude>
    <ClInclude Include="..\Classes\Stage1_05Layer.h">
      <Filter>include\Stage\Stage1</Filter>
    </ClInclude>
    <ClInclude Include="..\Classes\Stage1_05Scene.h">
      <Filter>include\Stage\Stage1</Filter>
    </ClInclude>
    <ClInclude Include="..\Classes\Stage3_02Layer.h">
      <Filter>include\Stage\Stage3</Filter>
    </ClInclude>
    <ClInclude Include="..\Classes\Stage3_02Scene.h">
      <Filter>include\Stage\Stage3</Filter>
    </ClInclude>
    <ClInclude Include="..\Classes\Stage1_06Layer.h">
      <Filter>include\Stage\Stage1</Filter>
    </ClInclude>
    <ClInclude Include="..\Classes\Stage1_06Scene.h">
      <Filter>include\Stage\Stage1</Filter>
    </ClInclude>
    <ClInclude Include="..\Classes\Stage2_04Layer.h">
      <Filter>include\Stage\Stage2</Filter>
    </ClInclude>
    <ClInclude Include="..\Classes\Stage2_04Scene.h">
      <Filter>include\Stage\Stage2</Filter>
    </ClInclude>
    <ClInclude Include="..\Classes\Stage2_03Layer.h">
      <Filter>include\Stage\Stage2</Filter>
    </ClInclude>
    <ClInclude Include="..\Classes\Stage2_03Scene.h">
      <Filter>include\Stage\Stage2</Filter>
    </ClInclude>
    <ClInclude Include="..\Classes\Stage1_07Layer.h">
      <Filter>include\Stage\Stage1</Filter>
    </ClInclude>
    <ClInclude Include="..\Classes\Stage1_07Scene.h">
      <Filter>include\Stage\Stage1</Filter>
    </ClInclude>
    <ClInclude Include="..\Classes\Stage1_08Layer.h">
      <Filter>include\Stage\Stage1</Filter>
    </ClInclude>
    <ClInclude Include="..\Classes\Stage1_08Scene.h">
      <Filter>include\Stage\Stage1</Filter>
    </ClInclude>
    <ClInclude Include="..\Classes\Stage1_09Layer.h">
      <Filter>include\Stage\Stage1</Filter>
    </ClInclude>
    <ClInclude Include="..\Classes\Stage1_09Scene.h">
      <Filter>include\Stage\Stage1</Filter>
    </ClInclude>
    <ClInclude Include="..\Classes\Stage2_01Layer.h">
      <Filter>include\Stage\Stage2</Filter>
    </ClInclude>
    <ClInclude Include="..\Classes\Stage2_02Layer.h">
      <Filter>include\Stage\Stage2</Filter>
    </ClInclude>
    <ClInclude Include="..\Classes\Stage2_05Layer.h">
      <Filter>include\Stage\Stage2</Filter>
    </ClInclude>
    <ClInclude Include="..\Classes\Stage2_06Layer.h">
      <Filter>include\Stage\Stage2</Filter>
    </ClInclude>
    <ClInclude Include="..\Classes\Stage2_07Layer.h">
      <Filter>include\Stage\Stage2</Filter>
    </ClInclude>
    <ClInclude Include="..\Classes\Stage2_08Layer.h">
      <Filter>include\Stage\Stage2</Filter>
    </ClInclude>
    <ClInclude Include="..\Classes\Stage2_09Layer.h">
      <Filter>include\Stage\Stage2</Filter>
    </ClInclude>
    <ClInclude Include="..\Classes\Stage2_01Scene.h">
      <Filter>include\Stage\Stage2</Filter>
    </ClInclude>
    <ClInclude Include="..\Classes\Stage2_02Scene.h">
      <Filter>include\Stage\Stage2</Filter>
    </ClInclude>
    <ClInclude Include="..\Classes\Stage2_09Scene.h">
      <Filter>include\Stage\Stage2</Filter>
    </ClInclude>
    <ClInclude Include="..\Classes\Stage2_05Scene.h">
      <Filter>include\Stage\Stage2</Filter>
    </ClInclude>
    <ClInclude Include="..\Classes\Stage2_06Scene.h">
      <Filter>include\Stage\Stage2</Filter>
    </ClInclude>
    <ClInclude Include="..\Classes\Stage2_07Scene.h">
      <Filter>include\Stage\Stage2</Filter>
    </ClInclude>
    <ClInclude Include="..\Classes\Stage2_08Scene.h">
      <Filter>include\Stage\Stage2</Filter>
    </ClInclude>
    <ClInclude Include="..\Classes\Stage3_01Layer.h">
      <Filter>include\Stage\Stage3</Filter>
    </ClInclude>
    <ClInclude Include="..\Classes\Stage3_03Layer.h">
      <Filter>include\Stage\Stage3</Filter>
    </ClInclude>
    <ClInclude Include="..\Classes\Stage3_09Layer.h">
      <Filter>include\Stage\Stage3</Filter>
    </ClInclude>
    <ClInclude Include="..\Classes\Stage3_04Layer.h">
      <Filter>include\Stage\Stage3</Filter>
    </ClInclude>
    <ClInclude Include="..\Classes\Stage3_05Layer.h">
      <Filter>include\Stage\Stage3</Filter>
    </ClInclude>
    <ClInclude Include="..\Classes\Stage3_06Layer.h">
      <Filter>include\Stage\Stage3</Filter>
    </ClInclude>
    <ClInclude Include="..\Classes\Stage3_07Layer.h">
      <Filter>include\Stage\Stage3</Filter>
    </ClInclude>
    <ClInclude Include="..\Classes\Stage3_08Layer.h">
      <Filter>include\Stage\Stage3</Filter>
    </ClInclude>
    <ClInclude Include="..\Classes\Stage3_01Scene.h">
      <Filter>include\Stage\Stage3</Filter>
    </ClInclude>
    <ClInclude Include="..\Classes\Stage3_09Scene.h">
      <Filter>include\Stage\Stage3</Filter>
    </ClInclude>
    <ClInclude Include="..\Classes\Stage3_03Scene.h">
      <Filter>include\Stage\Stage3</Filter>
    </ClInclude>
    <ClInclude Include="..\Classes\Stage3_08Scene.h">
      <Filter>include\Stage\Stage3</Filter>
    </ClInclude>
    <ClInclude Include="..\Classes\Stage3_04Scene.h">
      <Filter>include\Stage\Stage3</Filter>
    </ClInclude>
    <ClInclude Include="..\Classes\Stage3_05Scene.h">
      <Filter>include\Stage\Stage3</Filter>
    </ClInclude>
    <ClInclude Include="..\Classes\Stage3_06Scene.h">
      <Filter>include\Stage\Stage3</Filter>
    </ClInclude>
    <ClInclude Include="..\Classes\Stage3_07Scene.h">
      <Filter>include\Stage\Stage3</Filter>
    </ClInclude>
    <ClInclude Include="..\Classes\StageStartupCGLayer.h">
      <Filter>include\Stage\Others</Filter>
    </ClInclude>
    <ClInclude Include="..\Classes\StageStartupCGScene.h">
      <Filter>include\Stage\Others</Filter>
    </ClInclude>
    <ClInclude Include="..\Classes\StageEndlessLayer.h">
      <Filter>include\Stage\Endless</Filter>
    </ClInclude>
    <ClInclude Include="..\Classes\StageEndlessScene.h">
      <Filter>include\Stage\Endless</Filter>
    </ClInclude>
    <ClInclude Include="..\Classes\StageEndlessWinLayer.h">
      <Filter>include\Stage\Endless</Filter>
    </ClInclude>
    <ClInclude Include="..\Classes\StageEndlessRestartLayer.h">
      <Filter>include\Stage\Endless</Filter>
    </ClInclude>
    <ClInclude Include="..\Classes\StageEndlessNavigatorLayer.h">
      <Filter>include\Stage\Endless</Filter>
    </ClInclude>
    <ClInclude Include="..\Classes\PauseLayer.h">
      <Filter>include\Stage\Base</Filter>
    </ClInclude>
    <ClInclude Include="..\Classes\PauseLayerDelegate.h">
      <Filter>include\Stage\Base</Filter>
    </ClInclude>
    <ClInclude Include="..\Classes\NoticeLayer.h">
      <Filter>include\Stage\Endless</Filter>
    </ClInclude>
    <ClInclude Include="..\Classes\NoticeLayerDelegate.h">
      <Filter>include\Stage\Endless</Filter>
    </ClInclude>
    <ClInclude Include="..\Classes\TopBannerLayer.h">
      <Filter>include\Stage\Base</Filter>
    </ClInclude>
    <ClInclude Include="..\Classes\BuyLayer.h">
      <Filter>include\Stage\Others</Filter>
    </ClInclude>
    <ClInclude Include="..\Classes\BuyScene.h">
      <Filter>include\Stage\Others</Filter>
    </ClInclude>
    <ClInclude Include="..\Classes\StageGameOverScene.h">
      <Filter>include\Stage\Others</Filter>
    </ClInclude>
    <ClInclude Include="..\Classes\StageGameOverLayer.h">
      <Filter>include\Stage\Others</Filter>
    </ClInclude>
  </ItemGroup>
  <ItemGroup>
    <ClCompile Include="main.cpp">
      <Filter>source</Filter>
    </ClCompile>
    <ClCompile Include="..\Classes\AppDelegate.cpp">
      <Filter>source</Filter>
    </ClCompile>
    <ClCompile Include="..\Classes\StartupLayer.cpp">
      <Filter>source\Stage\Others</Filter>
    </ClCompile>
    <ClCompile Include="..\Classes\StartupScene.cpp">
      <Filter>source\Stage\Others</Filter>
    </ClCompile>
    <ClCompile Include="..\Classes\StageSelectLayer.cpp">
      <Filter>source\Stage\Others</Filter>
    </ClCompile>
    <ClCompile Include="..\Classes\StageSelectScene.cpp">
      <Filter>source\Stage\Others</Filter>
    </ClCompile>
    <ClCompile Include="..\Classes\AudioManager.cpp">
      <Filter>source\Misc</Filter>
    </ClCompile>
    <ClCompile Include="..\Classes\PermissionManager.cpp">
      <Filter>source\Misc</Filter>
    </ClCompile>
    <ClCompile Include="..\Classes\StageSelectFrameSprite.cpp">
      <Filter>source\Stage\Others</Filter>
    </ClCompile>
    <ClCompile Include="..\Classes\SubStageItem.cpp">
      <Filter>source\Stage\Others</Filter>
    </ClCompile>
    <ClCompile Include="..\Classes\SettingLayer.cpp">
      <Filter>source\Stage\Others</Filter>
    </ClCompile>
    <ClCompile Include="..\Classes\SettingScene.cpp">
      <Filter>source\Stage\Others</Filter>
    </ClCompile>
    <ClCompile Include="..\Classes\AboutLayer.cpp">
      <Filter>source\Stage\Others</Filter>
    </ClCompile>
    <ClCompile Include="..\Classes\AboutScene.cpp">
      <Filter>source\Stage\Others</Filter>
    </ClCompile>
    <ClCompile Include="..\Classes\StageBaseScene.cpp">
      <Filter>source\Stage\Base</Filter>
    </ClCompile>
    <ClCompile Include="..\Classes\StageBaseLayer.cpp">
      <Filter>source\Stage\Base</Filter>
    </ClCompile>
    <ClCompile Include="..\Classes\StageMap.cpp">
      <Filter>source\Misc</Filter>
    </ClCompile>
    <ClCompile Include="..\Classes\HelpLayer.cpp">
      <Filter>source\Stage\Base</Filter>
    </ClCompile>
    <ClCompile Include="..\Classes\MyMenu.cpp">
      <Filter>source\Stage\Base</Filter>
    </ClCompile>
    <ClCompile Include="..\Classes\GameObject.cpp">
      <Filter>source\Sprite</Filter>
    </ClCompile>
    <ClCompile Include="..\Classes\FightObject.cpp">
      <Filter>source\Sprite</Filter>
    </ClCompile>
    <ClCompile Include="..\Classes\Planet.cpp">
      <Filter>source\Sprite\Planet</Filter>
    </ClCompile>
    <ClCompile Include="..\Classes\LineLayer.cpp">
      <Filter>source\Stage\Base</Filter>
    </ClCompile>
    <ClCompile Include="..\Classes\StarObject.cpp">
      <Filter>source\Sprite</Filter>
    </ClCompile>
    <ClCompile Include="..\Classes\AdViewManager.cpp">
      <Filter>source\Ad</Filter>
    </ClCompile>
    <ClCompile Include="..\Classes\Troops.cpp">
      <Filter>source\Sprite\Troops</Filter>
    </ClCompile>
    <ClCompile Include="..\Classes\CatTroops.cpp">
      <Filter>source\Sprite\Troops</Filter>
    </ClCompile>
    <ClCompile Include="..\Classes\Face.cpp">
      <Filter>source\Sprite\Face</Filter>
    </ClCompile>
    <ClCompile Include="..\Classes\Rank.cpp">
      <Filter>source\Sprite</Filter>
    </ClCompile>
    <ClCompile Include="..\Classes\NavigatorLayer.cpp">
      <Filter>source\Stage\Base</Filter>
    </ClCompile>
    <ClCompile Include="..\Classes\WinLayer.cpp">
      <Filter>source\Stage\Base</Filter>
    </ClCompile>
    <ClCompile Include="..\Classes\RestartLayer.cpp">
      <Filter>source\Stage\Base</Filter>
    </ClCompile>
    <ClCompile Include="..\Classes\MiscTool.cpp">
      <Filter>source\Misc</Filter>
    </ClCompile>
    <ClCompile Include="..\Classes\ForceSideInfo.cpp">
      <Filter>source\Misc</Filter>
    </ClCompile>
    <ClCompile Include="..\Classes\StageTemplateLayer.cpp">
      <Filter>source\Stage\Template</Filter>
    </ClCompile>
    <ClCompile Include="..\Classes\Stage1_01Layer.cpp">
      <Filter>source\Stage\Stage1</Filter>
    </ClCompile>
    <ClCompile Include="..\Classes\Stage1_01Scene.cpp">
      <Filter>source\Stage\Stage1</Filter>
    </ClCompile>
    <ClCompile Include="..\Classes\Stage1_02Layer.cpp">
      <Filter>source\Stage\Stage1</Filter>
    </ClCompile>
    <ClCompile Include="..\Classes\Stage1_02Scene.cpp">
      <Filter>source\Stage\Stage1</Filter>
    </ClCompile>
    <ClCompile Include="..\Classes\Stage1_03Layer.cpp">
      <Filter>source\Stage\Stage1</Filter>
    </ClCompile>
    <ClCompile Include="..\Classes\Stage1_03Scene.cpp">
      <Filter>source\Stage\Stage1</Filter>
    </ClCompile>
    <ClCompile Include="..\Classes\Stage1_04Layer.cpp">
      <Filter>source\Stage\Stage1</Filter>
    </ClCompile>
    <ClCompile Include="..\Classes\Stage1_04Scene.cpp">
      <Filter>source\Stage\Stage1</Filter>
    </ClCompile>
    <ClCompile Include="..\Classes\Stage1_05Layer.cpp">
      <Filter>source\Stage\Stage1</Filter>
    </ClCompile>
    <ClCompile Include="..\Classes\Stage1_05Scene.cpp">
      <Filter>source\Stage\Stage1</Filter>
    </ClCompile>
    <ClCompile Include="..\Classes\Stage3_02Layer.cpp">
      <Filter>source\Stage\Stage3</Filter>
    </ClCompile>
    <ClCompile Include="..\Classes\Stage3_02Scene.cpp">
      <Filter>source\Stage\Stage3</Filter>
    </ClCompile>
    <ClCompile Include="..\Classes\Stage1_06Layer.cpp">
      <Filter>source\Stage\Stage1</Filter>
    </ClCompile>
    <ClCompile Include="..\Classes\Stage1_06Scene.cpp">
      <Filter>source\Stage\Stage1</Filter>
    </ClCompile>
    <ClCompile Include="..\Classes\Stage1_07Layer.cpp">
      <Filter>source\Stage\Stage1</Filter>
    </ClCompile>
    <ClCompile Include="..\Classes\Stage1_07Scene.cpp">
      <Filter>source\Stage\Stage1</Filter>
    </ClCompile>
    <ClCompile Include="..\Classes\Stage1_08Layer.cpp">
      <Filter>source\Stage\Stage1</Filter>
    </ClCompile>
    <ClCompile Include="..\Classes\Stage1_08Scene.cpp">
      <Filter>source\Stage\Stage1</Filter>
    </ClCompile>
    <ClCompile Include="..\Classes\Stage1_09Layer.cpp">
      <Filter>source\Stage\Stage1</Filter>
    </ClCompile>
    <ClCompile Include="..\Classes\Stage1_09Scene.cpp">
      <Filter>source\Stage\Stage1</Filter>
    </ClCompile>
    <ClCompile Include="..\Classes\Stage2_04Layer.cpp">
      <Filter>source\Stage\Stage2</Filter>
    </ClCompile>
    <ClCompile Include="..\Classes\Stage2_03Scene.cpp">
      <Filter>source\Stage\Stage2</Filter>
    </ClCompile>
    <ClCompile Include="..\Classes\Stage2_04Scene.cpp">
      <Filter>source\Stage\Stage2</Filter>
    </ClCompile>
    <ClCompile Include="..\Classes\Stage2_03Layer.cpp">
      <Filter>source\Stage\Stage2</Filter>
    </ClCompile>
    <ClCompile Include="..\Classes\Stage2_01Layer.cpp">
      <Filter>source\Stage\Stage2</Filter>
    </ClCompile>
    <ClCompile Include="..\Classes\Stage2_01Scene.cpp">
      <Filter>source\Stage\Stage2</Filter>
    </ClCompile>
    <ClCompile Include="..\Classes\Stage2_02Layer.cpp">
      <Filter>source\Stage\Stage2</Filter>
    </ClCompile>
    <ClCompile Include="..\Classes\Stage2_09Scene.cpp">
      <Filter>source\Stage\Stage2</Filter>
    </ClCompile>
    <ClCompile Include="..\Classes\Stage2_02Scene.cpp">
      <Filter>source\Stage\Stage2</Filter>
    </ClCompile>
    <ClCompile Include="..\Classes\Stage2_05Layer.cpp">
      <Filter>source\Stage\Stage2</Filter>
    </ClCompile>
    <ClCompile Include="..\Classes\Stage2_05Scene.cpp">
      <Filter>source\Stage\Stage2</Filter>
    </ClCompile>
    <ClCompile Include="..\Classes\Stage2_06Layer.cpp">
      <Filter>source\Stage\Stage2</Filter>
    </ClCompile>
    <ClCompile Include="..\Classes\Stage2_06Scene.cpp">
      <Filter>source\Stage\Stage2</Filter>
    </ClCompile>
    <ClCompile Include="..\Classes\Stage2_07Layer.cpp">
      <Filter>source\Stage\Stage2</Filter>
    </ClCompile>
    <ClCompile Include="..\Classes\Stage2_07Scene.cpp">
      <Filter>source\Stage\Stage2</Filter>
    </ClCompile>
    <ClCompile Include="..\Classes\Stage2_08Layer.cpp">
      <Filter>source\Stage\Stage2</Filter>
    </ClCompile>
    <ClCompile Include="..\Classes\Stage2_08Scene.cpp">
      <Filter>source\Stage\Stage2</Filter>
    </ClCompile>
    <ClCompile Include="..\Classes\Stage2_09Layer.cpp">
      <Filter>source\Stage\Stage2</Filter>
    </ClCompile>
    <ClCompile Include="..\Classes\Stage3_01Layer.cpp">
      <Filter>source\Stage\Stage3</Filter>
    </ClCompile>
    <ClCompile Include="..\Classes\Stage3_03Layer.cpp">
      <Filter>source\Stage\Stage3</Filter>
    </ClCompile>
    <ClCompile Include="..\Classes\Stage3_08Layer.cpp">
      <Filter>source\Stage\Stage3</Filter>
    </ClCompile>
    <ClCompile Include="..\Classes\Stage3_04Layer.cpp">
      <Filter>source\Stage\Stage3</Filter>
    </ClCompile>
    <ClCompile Include="..\Classes\Stage3_05Layer.cpp">
      <Filter>source\Stage\Stage3</Filter>
    </ClCompile>
    <ClCompile Include="..\Classes\Stage3_06Layer.cpp">
      <Filter>source\Stage\Stage3</Filter>
    </ClCompile>
    <ClCompile Include="..\Classes\Stage3_07Layer.cpp">
      <Filter>source\Stage\Stage3</Filter>
    </ClCompile>
    <ClCompile Include="..\Classes\Stage3_09Layer.cpp">
      <Filter>source\Stage\Stage3</Filter>
    </ClCompile>
    <ClCompile Include="..\Classes\Stage3_01Scene.cpp">
      <Filter>source\Stage\Stage3</Filter>
    </ClCompile>
    <ClCompile Include="..\Classes\Stage3_04Scene.cpp">
      <Filter>source\Stage\Stage3</Filter>
    </ClCompile>
    <ClCompile Include="..\Classes\Stage3_03Scene.cpp">
      <Filter>source\Stage\Stage3</Filter>
    </ClCompile>
    <ClCompile Include="..\Classes\Stage3_09Scene.cpp">
      <Filter>source\Stage\Stage3</Filter>
    </ClCompile>
    <ClCompile Include="..\Classes\Stage3_05Scene.cpp">
      <Filter>source\Stage\Stage3</Filter>
    </ClCompile>
    <ClCompile Include="..\Classes\Stage3_06Scene.cpp">
      <Filter>source\Stage\Stage3</Filter>
    </ClCompile>
    <ClCompile Include="..\Classes\Stage3_07Scene.cpp">
      <Filter>source\Stage\Stage3</Filter>
    </ClCompile>
    <ClCompile Include="..\Classes\Stage3_08Scene.cpp">
      <Filter>source\Stage\Stage3</Filter>
    </ClCompile>
    <ClCompile Include="..\Classes\StageStartupCGLayer.cpp">
      <Filter>source\Stage\Others</Filter>
    </ClCompile>
    <ClCompile Include="..\Classes\StageStartupCGScene.cpp">
      <Filter>source\Stage\Others</Filter>
    </ClCompile>
    <ClCompile Include="..\Classes\StageTemplateScene.cpp">
      <Filter>source\Stage\Template</Filter>
    </ClCompile>
    <ClCompile Include="..\Classes\StageEndlessLayer.cpp">
      <Filter>source\Stage\Endless</Filter>
    </ClCompile>
    <ClCompile Include="..\Classes\StageEndlessScene.cpp">
      <Filter>source\Stage\Endless</Filter>
    </ClCompile>
    <ClCompile Include="..\Classes\StageEndlessWinLayer.cpp">
      <Filter>source\Stage\Endless</Filter>
    </ClCompile>
    <ClCompile Include="..\Classes\StageEndlessRestartLayer.cpp">
      <Filter>source\Stage\Endless</Filter>
    </ClCompile>
    <ClCompile Include="..\Classes\StageEndlessNavigatorLayer.cpp">
      <Filter>source\Stage\Endless</Filter>
    </ClCompile>
    <ClCompile Include="..\Classes\PauseLayer.cpp">
      <Filter>source\Stage\Base</Filter>
    </ClCompile>
    <ClCompile Include="..\Classes\NoticeLayer.cpp">
      <Filter>source\Stage\Endless</Filter>
    </ClCompile>
    <ClCompile Include="..\Classes\TopBannerLayer.cpp">
      <Filter>source\Stage\Base</Filter>
    </ClCompile>
    <ClCompile Include="..\Classes\BuyLayer.cpp">
      <Filter>source\Stage\Others</Filter>
    </ClCompile>
    <ClCompile Include="..\Classes\BuyScene.cpp">
      <Filter>source\Stage\Others</Filter>
    </ClCompile>
    <ClCompile Include="..\Classes\StageGameOverLayer.cpp">
      <Filter>source\Stage\Others</Filter>
    </ClCompile>
    <ClCompile Include="..\Classes\StageGameOverScene.cpp">
      <Filter>source\Stage\Others</Filter>
    </ClCompile>
  </ItemGroup>
</Project>